
Microsoft Visual Studio Solution File, Format Version 12.00
# Visual Studio Version 17
VisualStudioVersion = 17.6.33723.286
MinimumVisualStudioVersion = 10.0.40219.1
Project("{54A90642-561A-4BB1-A94E-469ADEE60C69}") = "talentawebapp", "talentawebapp.esproj", "{10A994C4-C64C-423D-8086-8E70A5F545D7}"
EndProject
Global
	GlobalSection(SolutionConfigurationPlatforms) = preSolution
		Debug|Any CPU = Debug|Any CPU
		Release|Any CPU = Release|Any CPU
	EndGlobalSection
	GlobalSection(ProjectConfigurationPlatforms) = postSolution
		{10A994C4-C64C-423D-8086-8E70A5F545D7}.Debug|Any CPU.ActiveCfg = Debug|Any CPU
		{10A994C4-C64C-423D-8086-8E70A5F545D7}.Debug|Any CPU.Build.0 = Debug|Any CPU
		{10A994C4-C64C-423D-8086-8E70A5F545D7}.Debug|Any CPU.Deploy.0 = Debug|Any CPU
		{10A994C4-C64C-423D-8086-8E70A5F545D7}.Release|Any CPU.ActiveCfg = Release|Any CPU
		{10A994C4-C64C-423D-8086-8E70A5F545D7}.Release|Any CPU.Build.0 = Release|Any CPU
		{10A994C4-C64C-423D-8086-8E70A5F545D7}.Release|Any CPU.Deploy.0 = Release|Any CPU
	EndGlobalSection
	GlobalSection(SolutionProperties) = preSolution
		HideSolutionNode = FALSE
	EndGlobalSection
	GlobalSection(ExtensibilityGlobals) = postSolution
		SolutionGuid = {3B71C589-B335-437B-8C2B-23E070554932}
	EndGlobalSection
EndGlobal
